
Microsoft Visual Studio Solution File, Format Version 12.00
# Visual Studio 15
VisualStudioVersion = 15.0.27130.2036
MinimumVisualStudioVersion = 10.0.40219.1
Project("{9A19103F-16F7-4668-BE54-9A1E7A4F7556}") = "MultilingualWebsite", "MultilingualWebsite\MultilingualWebsite.csproj", "{D35CE7E5-99C8-4344-8AC4-46F32F8CD5A8}"
EndProject
Project("{9A19103F-16F7-4668-BE54-9A1E7A4F7556}") = "AuthenticationWithoutIdentity", "AuthenticationWithoutIdentity\AuthenticationWithoutIdentity.csproj", "{F19F7F49-E43E-4DB8-B7EF-062930776A3E}"
EndProject
Project("{9A19103F-16F7-4668-BE54-9A1E7A4F7556}") = "SignalR", "SignalR\SignalR.csproj", "{31DEF477-A703-4C56-8128-08CED78E9460}"
EndProject
Project("{9A19103F-16F7-4668-BE54-9A1E7A4F7556}") = "SelfContainedDeployments", "SelfContainedDeployments\SelfContainedDeployments.csproj", "{D438B0A6-4C7D-44C4-9CE0-C506B9DC3E51}"
EndProject
Project("{9A19103F-16F7-4668-BE54-9A1E7A4F7556}") = "WebAPI", "WebAPI\WebAPI.csproj", "{786F2ABB-E3FF-4616-9129-E48D10C4F081}"
EndProject
Project("{9A19103F-16F7-4668-BE54-9A1E7A4F7556}") = "RuntimeIdentifiers", "RuntimeIdentifiers\RuntimeIdentifiers.csproj", "{F6CCF9A9-D075-402D-BCEE-B0038B78E714}"
EndProject
Project("{9A19103F-16F7-4668-BE54-9A1E7A4F7556}") = "UploadFiles", "UploadFiles\UploadFiles.csproj", "{7B162EAF-2FCA-4E64-994A-C46ADED7EC9F}"
EndProject
Project("{9A19103F-16F7-4668-BE54-9A1E7A4F7556}") = "RazorTest", "RazorTest\RazorTest.csproj", "{DF4530B9-D2EF-4272-87E0-1FAFEF7E142A}"
EndProject
Project("{9A19103F-16F7-4668-BE54-9A1E7A4F7556}") = "DependencyInjection", "DependencyInjection\DependencyInjection.csproj", "{80734834-07EF-489E-9107-FF1FB8FA2B29}"
EndProject
Project("{9A19103F-16F7-4668-BE54-9A1E7A4F7556}") = "Session", "Session\Session.csproj", "{36CBF201-DFB8-4AF4-A52F-B15F56D2EC0F}"
EndProject
Project("{FAE04EC0-301F-11D3-BF4B-00C04F79EFBC}") = "Basic", "Basic\Basic.csproj", "{ED87595E-1C00-4A12-8326-BC4CA03BFF28}"
EndProject
Global
	GlobalSection(SolutionConfigurationPlatforms) = preSolution
		Debug|Any CPU = Debug|Any CPU
		Release|Any CPU = Release|Any CPU
	EndGlobalSection
	GlobalSection(ProjectConfigurationPlatforms) = postSolution
		{D35CE7E5-99C8-4344-8AC4-46F32F8CD5A8}.Debug|Any CPU.ActiveCfg = Debug|Any CPU
		{D35CE7E5-99C8-4344-8AC4-46F32F8CD5A8}.Debug|Any CPU.Build.0 = Debug|Any CPU
		{D35CE7E5-99C8-4344-8AC4-46F32F8CD5A8}.Release|Any CPU.ActiveCfg = Release|Any CPU
		{D35CE7E5-99C8-4344-8AC4-46F32F8CD5A8}.Release|Any CPU.Build.0 = Release|Any CPU
		{F19F7F49-E43E-4DB8-B7EF-062930776A3E}.Debug|Any CPU.ActiveCfg = Debug|Any CPU
		{F19F7F49-E43E-4DB8-B7EF-062930776A3E}.Debug|Any CPU.Build.0 = Debug|Any CPU
		{F19F7F49-E43E-4DB8-B7EF-062930776A3E}.Release|Any CPU.ActiveCfg = Release|Any CPU
		{F19F7F49-E43E-4DB8-B7EF-062930776A3E}.Release|Any CPU.Build.0 = Release|Any CPU
		{31DEF477-A703-4C56-8128-08CED78E9460}.Debug|Any CPU.ActiveCfg = Debug|Any CPU
		{31DEF477-A703-4C56-8128-08CED78E9460}.Debug|Any CPU.Build.0 = Debug|Any CPU
		{31DEF477-A703-4C56-8128-08CED78E9460}.Release|Any CPU.ActiveCfg = Release|Any CPU
		{31DEF477-A703-4C56-8128-08CED78E9460}.Release|Any CPU.Build.0 = Release|Any CPU
		{D438B0A6-4C7D-44C4-9CE0-C506B9DC3E51}.Debug|Any CPU.ActiveCfg = Debug|Any CPU
		{D438B0A6-4C7D-44C4-9CE0-C506B9DC3E51}.Debug|Any CPU.Build.0 = Debug|Any CPU
		{D438B0A6-4C7D-44C4-9CE0-C506B9DC3E51}.Release|Any CPU.ActiveCfg = Release|Any CPU
		{D438B0A6-4C7D-44C4-9CE0-C506B9DC3E51}.Release|Any CPU.Build.0 = Release|Any CPU
		{786F2ABB-E3FF-4616-9129-E48D10C4F081}.Debug|Any CPU.ActiveCfg = Debug|Any CPU
		{786F2ABB-E3FF-4616-9129-E48D10C4F081}.Debug|Any CPU.Build.0 = Debug|Any CPU
		{786F2ABB-E3FF-4616-9129-E48D10C4F081}.Release|Any CPU.ActiveCfg = Release|Any CPU
		{786F2ABB-E3FF-4616-9129-E48D10C4F081}.Release|Any CPU.Build.0 = Release|Any CPU
		{F6CCF9A9-D075-402D-BCEE-B0038B78E714}.Debug|Any CPU.ActiveCfg = Debug|Any CPU
		{F6CCF9A9-D075-402D-BCEE-B0038B78E714}.Debug|Any CPU.Build.0 = Debug|Any CPU
		{F6CCF9A9-D075-402D-BCEE-B0038B78E714}.Release|Any CPU.ActiveCfg = Release|Any CPU
		{F6CCF9A9-D075-402D-BCEE-B0038B78E714}.Release|Any CPU.Build.0 = Release|Any CPU
		{7B162EAF-2FCA-4E64-994A-C46ADED7EC9F}.Debug|Any CPU.ActiveCfg = Debug|Any CPU
		{7B162EAF-2FCA-4E64-994A-C46ADED7EC9F}.Debug|Any CPU.Build.0 = Debug|Any CPU
		{7B162EAF-2FCA-4E64-994A-C46ADED7EC9F}.Release|Any CPU.ActiveCfg = Release|Any CPU
		{7B162EAF-2FCA-4E64-994A-C46ADED7EC9F}.Release|Any CPU.Build.0 = Release|Any CPU
		{DF4530B9-D2EF-4272-87E0-1FAFEF7E142A}.Debug|Any CPU.ActiveCfg = Debug|Any CPU
		{DF4530B9-D2EF-4272-87E0-1FAFEF7E142A}.Debug|Any CPU.Build.0 = Debug|Any CPU
		{DF4530B9-D2EF-4272-87E0-1FAFEF7E142A}.Release|Any CPU.ActiveCfg = Release|Any CPU
		{DF4530B9-D2EF-4272-87E0-1FAFEF7E142A}.Release|Any CPU.Build.0 = Release|Any CPU
		{80734834-07EF-489E-9107-FF1FB8FA2B29}.Debug|Any CPU.ActiveCfg = Debug|Any CPU
		{80734834-07EF-489E-9107-FF1FB8FA2B29}.Debug|Any CPU.Build.0 = Debug|Any CPU
		{80734834-07EF-489E-9107-FF1FB8FA2B29}.Release|Any CPU.ActiveCfg = Release|Any CPU
		{80734834-07EF-489E-9107-FF1FB8FA2B29}.Release|Any CPU.Build.0 = Release|Any CPU
		{36CBF201-DFB8-4AF4-A52F-B15F56D2EC0F}.Debug|Any CPU.ActiveCfg = Debug|Any CPU
		{36CBF201-DFB8-4AF4-A52F-B15F56D2EC0F}.Debug|Any CPU.Build.0 = Debug|Any CPU
		{36CBF201-DFB8-4AF4-A52F-B15F56D2EC0F}.Release|Any CPU.ActiveCfg = Release|Any CPU
		{36CBF201-DFB8-4AF4-A52F-B15F56D2EC0F}.Release|Any CPU.Build.0 = Release|Any CPU
		{ED87595E-1C00-4A12-8326-BC4CA03BFF28}.Debug|Any CPU.ActiveCfg = Debug|Any CPU
		{ED87595E-1C00-4A12-8326-BC4CA03BFF28}.Debug|Any CPU.Build.0 = Debug|Any CPU
		{ED87595E-1C00-4A12-8326-BC4CA03BFF28}.Release|Any CPU.ActiveCfg = Release|Any CPU
		{ED87595E-1C00-4A12-8326-BC4CA03BFF28}.Release|Any CPU.Build.0 = Release|Any CPU
	EndGlobalSection
	GlobalSection(SolutionProperties) = preSolution
		HideSolutionNode = FALSE
	EndGlobalSection
	GlobalSection(ExtensibilityGlobals) = postSolution
		SolutionGuid = {7A36CDAB-A3A5-4092-BC61-970637D34E57}
	EndGlobalSection
EndGlobal
