
Microsoft Visual Studio Solution File, Format Version 12.00
# Visual Studio 15
VisualStudioVersion = 15.0.27130.2024
MinimumVisualStudioVersion = 10.0.40219.1
Project("{9A19103F-16F7-4668-BE54-9A1E7A4F7556}") = "MultilingualWebsite", "MultilingualWebsite\MultilingualWebsite.csproj", "{D35CE7E5-99C8-4344-8AC4-46F32F8CD5A8}"
EndProject
Project("{9A19103F-16F7-4668-BE54-9A1E7A4F7556}") = "AuthenticationWithoutIdentity", "AuthenticationWithoutIdentity\AuthenticationWithoutIdentity.csproj", "{F19F7F49-E43E-4DB8-B7EF-062930776A3E}"
EndProject
Project("{FAE04EC0-301F-11D3-BF4B-00C04F79EFBC}") = "SignalR", "SignalR\SignalR.csproj", "{31DEF477-A703-4C56-8128-08CED78E9460}"
EndProject
Global
	GlobalSection(SolutionConfigurationPlatforms) = preSolution
		Debug|Any CPU = Debug|Any CPU
		Release|Any CPU = Release|Any CPU
	EndGlobalSection
	GlobalSection(ProjectConfigurationPlatforms) = postSolution
		{D35CE7E5-99C8-4344-8AC4-46F32F8CD5A8}.Debug|Any CPU.ActiveCfg = Debug|Any CPU
		{D35CE7E5-99C8-4344-8AC4-46F32F8CD5A8}.Debug|Any CPU.Build.0 = Debug|Any CPU
		{D35CE7E5-99C8-4344-8AC4-46F32F8CD5A8}.Release|Any CPU.ActiveCfg = Release|Any CPU
		{D35CE7E5-99C8-4344-8AC4-46F32F8CD5A8}.Release|Any CPU.Build.0 = Release|Any CPU
		{F19F7F49-E43E-4DB8-B7EF-062930776A3E}.Debug|Any CPU.ActiveCfg = Debug|Any CPU
		{F19F7F49-E43E-4DB8-B7EF-062930776A3E}.Debug|Any CPU.Build.0 = Debug|Any CPU
		{F19F7F49-E43E-4DB8-B7EF-062930776A3E}.Release|Any CPU.ActiveCfg = Release|Any CPU
		{F19F7F49-E43E-4DB8-B7EF-062930776A3E}.Release|Any CPU.Build.0 = Release|Any CPU
		{31DEF477-A703-4C56-8128-08CED78E9460}.Debug|Any CPU.ActiveCfg = Debug|Any CPU
		{31DEF477-A703-4C56-8128-08CED78E9460}.Debug|Any CPU.Build.0 = Debug|Any CPU
		{31DEF477-A703-4C56-8128-08CED78E9460}.Release|Any CPU.ActiveCfg = Release|Any CPU
		{31DEF477-A703-4C56-8128-08CED78E9460}.Release|Any CPU.Build.0 = Release|Any CPU
	EndGlobalSection
	GlobalSection(SolutionProperties) = preSolution
		HideSolutionNode = FALSE
	EndGlobalSection
	GlobalSection(ExtensibilityGlobals) = postSolution
		SolutionGuid = {7A36CDAB-A3A5-4092-BC61-970637D34E57}
	EndGlobalSection
EndGlobal
